# This file is @generated by PDM.
# It is not intended for manual editing.

[metadata]
groups = ["default"]
strategy = ["cross_platform", "inherit_metadata"]
lock_version = "4.5.0"
content_hash = "sha256:2c7d4c89cc6e0ef1307f9e1b5302e68c1c9166471d4daf54136eb5914c8c1a7b"

[[metadata.targets]]
requires_python = ">=3.10"

[[package]]
name = "certifi"
version = "2024.6.2"
requires_python = ">=3.6"
summary = "Python package for providing Mozilla's CA Bundle."
groups = ["default"]
files = [
    {file = "certifi-2024.6.2-py3-none-any.whl", hash = "sha256:ddc6c8ce995e6987e7faf5e3f1b02b302836a0e5d98ece18392cb1a36c72ad56"},
    {file = "certifi-2024.6.2.tar.gz", hash = "sha256:3cd43f1c6fa7dedc5899d69d3ad0398fd018ad1a17fba83ddaf78aa46c747516"},
]

[[package]]
name = "charset-normalizer"
version = "3.3.2"
requires_python = ">=3.7.0"
summary = "The Real First Universal Charset Detector. Open, modern and actively maintained alternative to Chardet."
groups = ["default"]
files = [
    {file = "charset-normalizer-3.3.2.tar.gz", hash = "sha256:f30c3cb33b24454a82faecaf01b19c18562b1e89558fb6c56de4d9118a032fd5"},
    {file = "charset_normalizer-3.3.2-cp310-cp310-macosx_10_9_universal2.whl", hash = "sha256:25baf083bf6f6b341f4121c2f3c548875ee6f5339300e08be3f2b2ba1721cdd3"},
    {file = "charset_normalizer-3.3.2-cp310-cp310-macosx_10_9_x86_64.whl", hash = "sha256:06435b539f889b1f6f4ac1758871aae42dc3a8c0e24ac9e60c2384973ad73027"},
    {file = "charset_normalizer-3.3.2-cp310-cp310-macosx_11_0_arm64.whl", hash = "sha256:9063e24fdb1e498ab71cb7419e24622516c4a04476b17a2dab57e8baa30d6e03"},
    {file = "charset_normalizer-3.3.2-cp310-cp310-manylinux_2_17_aarch64.manylinux2014_aarch64.whl", hash = "sha256:6897af51655e3691ff853668779c7bad41579facacf5fd7253b0133308cf000d"},
    {file = "charset_normalizer-3.3.2-cp310-cp310-manylinux_2_17_ppc64le.manylinux2014_ppc64le.whl", hash = "sha256:1d3193f4a680c64b4b6a9115943538edb896edc190f0b222e73761716519268e"},
    {file = "charset_normalizer-3.3.2-cp310-cp310-manylinux_2_17_s390x.manylinux2014_s390x.whl", hash = "sha256:cd70574b12bb8a4d2aaa0094515df2463cb429d8536cfb6c7ce983246983e5a6"},
    {file = "charset_normalizer-3.3.2-cp310-cp310-manylinux_2_17_x86_64.manylinux2014_x86_64.whl", hash = "sha256:8465322196c8b4d7ab6d1e049e4c5cb460d0394da4a27d23cc242fbf0034b6b5"},
    {file = "charset_normalizer-3.3.2-cp310-cp310-manylinux_2_5_i686.manylinux1_i686.manylinux_2_17_i686.manylinux2014_i686.whl", hash = "sha256:a9a8e9031d613fd2009c182b69c7b2c1ef8239a0efb1df3f7c8da66d5dd3d537"},
    {file = "charset_normalizer-3.3.2-cp310-cp310-musllinux_1_1_aarch64.whl", hash = "sha256:beb58fe5cdb101e3a055192ac291b7a21e3b7ef4f67fa1d74e331a7f2124341c"},
    {file = "charset_normalizer-3.3.2-cp310-cp310-musllinux_1_1_i686.whl", hash = "sha256:e06ed3eb3218bc64786f7db41917d4e686cc4856944f53d5bdf83a6884432e12"},
    {file = "charset_normalizer-3.3.2-cp310-cp310-musllinux_1_1_ppc64le.whl", hash = "sha256:2e81c7b9c8979ce92ed306c249d46894776a909505d8f5a4ba55b14206e3222f"},
    {file = "charset_normalizer-3.3.2-cp310-cp310-musllinux_1_1_s390x.whl", hash = "sha256:572c3763a264ba47b3cf708a44ce965d98555f618ca42c926a9c1616d8f34269"},
    {file = "charset_normalizer-3.3.2-cp310-cp310-musllinux_1_1_x86_64.whl", hash = "sha256:fd1abc0d89e30cc4e02e4064dc67fcc51bd941eb395c502aac3ec19fab46b519"},
    {file = "charset_normalizer-3.3.2-cp310-cp310-win32.whl", hash = "sha256:3d47fa203a7bd9c5b6cee4736ee84ca03b8ef23193c0d1ca99b5089f72645c73"},
    {file = "charset_normalizer-3.3.2-cp310-cp310-win_amd64.whl", hash = "sha256:10955842570876604d404661fbccbc9c7e684caf432c09c715ec38fbae45ae09"},
    {file = "charset_normalizer-3.3.2-cp311-cp311-macosx_10_9_universal2.whl", hash = "sha256:802fe99cca7457642125a8a88a084cef28ff0cf9407060f7b93dca5aa25480db"},
    {file = "charset_normalizer-3.3.2-cp311-cp311-macosx_10_9_x86_64.whl", hash = "sha256:573f6eac48f4769d667c4442081b1794f52919e7edada77495aaed9236d13a96"},
    {file = "charset_normalizer-3.3.2-cp311-cp311-macosx_11_0_arm64.whl", hash = "sha256:549a3a73da901d5bc3ce8d24e0600d1fa85524c10287f6004fbab87672bf3e1e"},
    {file = "charset_normalizer-3.3.2-cp311-cp311-manylinux_2_17_aarch64.manylinux2014_aarch64.whl", hash = "sha256:f27273b60488abe721a075bcca6d7f3964f9f6f067c8c4c605743023d7d3944f"},
    {file = "charset_normalizer-3.3.2-cp311-cp311-manylinux_2_17_ppc64le.manylinux2014_ppc64le.whl", hash = "sha256:1ceae2f17a9c33cb48e3263960dc5fc8005351ee19db217e9b1bb15d28c02574"},
    {file = "charset_normalizer-3.3.2-cp311-cp311-manylinux_2_17_s390x.manylinux2014_s390x.whl", hash = "sha256:65f6f63034100ead094b8744b3b97965785388f308a64cf8d7c34f2f2e5be0c4"},
    {file = "charset_normalizer-3.3.2-cp311-cp311-manylinux_2_17_x86_64.manylinux2014_x86_64.whl", hash = "sha256:753f10e867343b4511128c6ed8c82f7bec3bd026875576dfd88483c5c73b2fd8"},
    {file = "charset_normalizer-3.3.2-cp311-cp311-manylinux_2_5_i686.manylinux1_i686.manylinux_2_17_i686.manylinux2014_i686.whl", hash = "sha256:4a78b2b446bd7c934f5dcedc588903fb2f5eec172f3d29e52a9096a43722adfc"},
    {file = "charset_normalizer-3.3.2-cp311-cp311-musllinux_1_1_aarch64.whl", hash = "sha256:e537484df0d8f426ce2afb2d0f8e1c3d0b114b83f8850e5f2fbea0e797bd82ae"},
    {file = "charset_normalizer-3.3.2-cp311-cp311-musllinux_1_1_i686.whl", hash = "sha256:eb6904c354526e758fda7167b33005998fb68c46fbc10e013ca97f21ca5c8887"},
    {file = "charset_normalizer-3.3.2-cp311-cp311-musllinux_1_1_ppc64le.whl", hash = "sha256:deb6be0ac38ece9ba87dea880e438f25ca3eddfac8b002a2ec3d9183a454e8ae"},
    {file = "charset_normalizer-3.3.2-cp311-cp311-musllinux_1_1_s390x.whl", hash = "sha256:4ab2fe47fae9e0f9dee8c04187ce5d09f48eabe611be8259444906793ab7cbce"},
    {file = "charset_normalizer-3.3.2-cp311-cp311-musllinux_1_1_x86_64.whl", hash = "sha256:80402cd6ee291dcb72644d6eac93785fe2c8b9cb30893c1af5b8fdd753b9d40f"},
    {file = "charset_normalizer-3.3.2-cp311-cp311-win32.whl", hash = "sha256:7cd13a2e3ddeed6913a65e66e94b51d80a041145a026c27e6bb76c31a853c6ab"},
    {file = "charset_normalizer-3.3.2-cp311-cp311-win_amd64.whl", hash = "sha256:663946639d296df6a2bb2aa51b60a2454ca1cb29835324c640dafb5ff2131a77"},
    {file = "charset_normalizer-3.3.2-cp312-cp312-macosx_10_9_universal2.whl", hash = "sha256:0b2b64d2bb6d3fb9112bafa732def486049e63de9618b5843bcdd081d8144cd8"},
    {file = "charset_normalizer-3.3.2-cp312-cp312-macosx_10_9_x86_64.whl", hash = "sha256:ddbb2551d7e0102e7252db79ba445cdab71b26640817ab1e3e3648dad515003b"},
    {file = "charset_normalizer-3.3.2-cp312-cp312-macosx_11_0_arm64.whl", hash = "sha256:55086ee1064215781fff39a1af09518bc9255b50d6333f2e4c74ca09fac6a8f6"},
    {file = "charset_normalizer-3.3.2-cp312-cp312-manylinux_2_17_aarch64.manylinux2014_aarch64.whl", hash = "sha256:8f4a014bc36d3c57402e2977dada34f9c12300af536839dc38c0beab8878f38a"},
    {file = "charset_normalizer-3.3.2-cp312-cp312-manylinux_2_17_ppc64le.manylinux2014_ppc64le.whl", hash = "sha256:a10af20b82360ab00827f916a6058451b723b4e65030c5a18577c8b2de5b3389"},
    {file = "charset_normalizer-3.3.2-cp312-cp312-manylinux_2_17_s390x.manylinux2014_s390x.whl", hash = "sha256:8d756e44e94489e49571086ef83b2bb8ce311e730092d2c34ca8f7d925cb20aa"},
    {file = "charset_normalizer-3.3.2-cp312-cp312-manylinux_2_17_x86_64.manylinux2014_x86_64.whl", hash = "sha256:90d558489962fd4918143277a773316e56c72da56ec7aa3dc3dbbe20fdfed15b"},
    {file = "charset_normalizer-3.3.2-cp312-cp312-manylinux_2_5_i686.manylinux1_i686.manylinux_2_17_i686.manylinux2014_i686.whl", hash = "sha256:6ac7ffc7ad6d040517be39eb591cac5ff87416c2537df6ba3cba3bae290c0fed"},
    {file = "charset_normalizer-3.3.2-cp312-cp312-musllinux_1_1_aarch64.whl", hash = "sha256:7ed9e526742851e8d5cc9e6cf41427dfc6068d4f5a3bb03659444b4cabf6bc26"},
    {file = "charset_normalizer-3.3.2-cp312-cp312-musllinux_1_1_i686.whl", hash = "sha256:8bdb58ff7ba23002a4c5808d608e4e6c687175724f54a5dade5fa8c67b604e4d"},
    {file = "charset_normalizer-3.3.2-cp312-cp312-musllinux_1_1_ppc64le.whl", hash = "sha256:6b3251890fff30ee142c44144871185dbe13b11bab478a88887a639655be1068"},
    {file = "charset_normalizer-3.3.2-cp312-cp312-musllinux_1_1_s390x.whl", hash = "sha256:b4a23f61ce87adf89be746c8a8974fe1c823c891d8f86eb218bb957c924bb143"},
    {file = "charset_normalizer-3.3.2-cp312-cp312-musllinux_1_1_x86_64.whl", hash = "sha256:efcb3f6676480691518c177e3b465bcddf57cea040302f9f4e6e191af91174d4"},
    {file = "charset_normalizer-3.3.2-cp312-cp312-win32.whl", hash = "sha256:d965bba47ddeec8cd560687584e88cf699fd28f192ceb452d1d7ee807c5597b7"},
    {file = "charset_normalizer-3.3.2-cp312-cp312-win_amd64.whl", hash = "sha256:96b02a3dc4381e5494fad39be677abcb5e6634bf7b4fa83a6dd3112607547001"},
    {file = "charset_normalizer-3.3.2-cp39-cp39-macosx_10_9_universal2.whl", hash = "sha256:c235ebd9baae02f1b77bcea61bce332cb4331dc3617d254df3323aa01ab47bd4"},
    {file = "charset_normalizer-3.3.2-cp39-cp39-macosx_10_9_x86_64.whl", hash = "sha256:5b4c145409bef602a690e7cfad0a15a55c13320ff7a3ad7ca59c13bb8ba4d45d"},
    {file = "charset_normalizer-3.3.2-cp39-cp39-macosx_11_0_arm64.whl", hash = "sha256:68d1f8a9e9e37c1223b656399be5d6b448dea850bed7d0f87a8311f1ff3dabb0"},
    {file = "charset_normalizer-3.3.2-cp39-cp39-manylinux_2_17_aarch64.manylinux2014_aarch64.whl", hash = "sha256:22afcb9f253dac0696b5a4be4a1c0f8762f8239e21b99680099abd9b2b1b2269"},
    {file = "charset_normalizer-3.3.2-cp39-cp39-manylinux_2_17_ppc64le.manylinux2014_ppc64le.whl", hash = "sha256:e27ad930a842b4c5eb8ac0016b0a54f5aebbe679340c26101df33424142c143c"},
    {file = "charset_normalizer-3.3.2-cp39-cp39-manylinux_2_17_s390x.manylinux2014_s390x.whl", hash = "sha256:1f79682fbe303db92bc2b1136016a38a42e835d932bab5b3b1bfcfbf0640e519"},
    {file = "charset_normalizer-3.3.2-cp39-cp39-manylinux_2_17_x86_64.manylinux2014_x86_64.whl", hash = "sha256:b261ccdec7821281dade748d088bb6e9b69e6d15b30652b74cbbac25e280b796"},
    {file = "charset_normalizer-3.3.2-cp39-cp39-manylinux_2_5_i686.manylinux1_i686.manylinux_2_17_i686.manylinux2014_i686.whl", hash = "sha256:122c7fa62b130ed55f8f285bfd56d5f4b4a5b503609d181f9ad85e55c89f4185"},
    {file = "charset_normalizer-3.3.2-cp39-cp39-musllinux_1_1_aarch64.whl", hash = "sha256:d0eccceffcb53201b5bfebb52600a5fb483a20b61da9dbc885f8b103cbe7598c"},
    {file = "charset_normalizer-3.3.2-cp39-cp39-musllinux_1_1_i686.whl", hash = "sha256:9f96df6923e21816da7e0ad3fd47dd8f94b2a5ce594e00677c0013018b813458"},
    {file = "charset_normalizer-3.3.2-cp39-cp39-musllinux_1_1_ppc64le.whl", hash = "sha256:7f04c839ed0b6b98b1a7501a002144b76c18fb1c1850c8b98d458ac269e26ed2"},
    {file = "charset_normalizer-3.3.2-cp39-cp39-musllinux_1_1_s390x.whl", hash = "sha256:34d1c8da1e78d2e001f363791c98a272bb734000fcef47a491c1e3b0505657a8"},
    {file = "charset_normalizer-3.3.2-cp39-cp39-musllinux_1_1_x86_64.whl", hash = "sha256:ff8fa367d09b717b2a17a052544193ad76cd49979c805768879cb63d9ca50561"},
    {file = "charset_normalizer-3.3.2-cp39-cp39-win32.whl", hash = "sha256:aed38f6e4fb3f5d6bf81bfa990a07806be9d83cf7bacef998ab1a9bd660a581f"},
    {file = "charset_normalizer-3.3.2-cp39-cp39-win_amd64.whl", hash = "sha256:b01b88d45a6fcb69667cd6d2f7a9aeb4bf53760d7fc536bf679ec94fe9f3ff3d"},
    {file = "charset_normalizer-3.3.2-py3-none-any.whl", hash = "sha256:3e4d1f6587322d2788836a99c69062fbb091331ec940e02d12d179c1d53e25fc"},
]

[[package]]
name = "idna"
version = "3.7"
requires_python = ">=3.5"
summary = "Internationalized Domain Names in Applications (IDNA)"
groups = ["default"]
files = [
    {file = "idna-3.7-py3-none-any.whl", hash = "sha256:82fee1fc78add43492d3a1898bfa6d8a904cc97d8427f683ed8e798d07761aa0"},
    {file = "idna-3.7.tar.gz", hash = "sha256:028ff3aadf0609c1fd278d8ea3089299412a7a8b9bd005dd08b9f8285bcb5cfc"},
]

[[package]]
name = "markdown"
version = "3.6"
requires_python = ">=3.8"
summary = "Python implementation of John Gruber's Markdown."
groups = ["default"]
dependencies = [
    "importlib-metadata>=4.4; python_version < \"3.10\"",
]
files = [
    {file = "Markdown-3.6-py3-none-any.whl", hash = "sha256:48f276f4d8cfb8ce6527c8f79e2ee29708508bf4d40aa410fbc3b4ee832c850f"},
    {file = "Markdown-3.6.tar.gz", hash = "sha256:ed4f41f6daecbeeb96e576ce414c41d2d876daa9a16cb35fa8ed8c2ddfad0224"},
]

[[package]]
name = "regex"
version = "2026.1.15"
requires_python = ">=3.9"
summary = "Alternative regular expression module, to replace re."
groups = ["default"]
files = [
    {file = "regex-2026.1.15-cp310-cp310-macosx_10_9_universal2.whl", hash = "sha256:4e3dd93c8f9abe8aa4b6c652016da9a3afa190df5ad822907efe6b206c09896e"},
    {file = "regex-2026.1.15-cp310-cp310-macosx_10_9_x86_64.whl", hash = "sha256:97499ff7862e868b1977107873dd1a06e151467129159a6ffd07b66706ba3a9f"},
    {file = "regex-2026.1.15-cp310-cp310-macosx_11_0_arm64.whl", hash = "sha256:0bda75ebcac38d884240914c6c43d8ab5fb82e74cde6da94b43b17c411aa4c2b"},
    {file = "regex-2026.1.15-cp310-cp310-manylinux2014_aarch64.manylinux_2_17_aarch64.manylinux_2_28_aarch64.whl", hash = "sha256:7dcc02368585334f5bc81fc73a2a6a0bbade60e7d83da21cead622faf408f32c"},
    {file = "regex-2026.1.15-cp310-cp310-manylinux2014_ppc64le.manylinux_2_17_ppc64le.manylinux_2_28_ppc64le.whl", hash = "sha256:693b465171707bbe882a7a05de5e866f33c76aa449750bee94a8d90463533cc9"},
    {file = "regex-2026.1.15-cp310-cp310-manylinux2014_s390x.manylinux_2_17_s390x.manylinux_2_28_s390x.whl", hash = "sha256:b0d190e6f013ea938623a58706d1469a62103fb2a241ce2873a9906e0386582c"},
    {file = "regex-2026.1.15-cp310-cp310-manylinux2014_x86_64.manylinux_2_17_x86_64.manylinux_2_28_x86_64.whl", hash = "sha256:5ff818702440a5878a81886f127b80127f5d50563753a28211482867f8318106"},
    {file = "regex-2026.1.15-cp310-cp310-manylinux2014_x86_64.manylinux_2_17_x86_64.whl", hash = "sha256:f052d1be37ef35a54e394de66136e30fa1191fab64f71fc06ac7bc98c9a84618"},
    {file = "regex-2026.1.15-cp310-cp310-manylinux_2_31_riscv64.manylinux_2_39_riscv64.whl", hash = "sha256:6bfc31a37fd1592f0c4fc4bfc674b5c42e52efe45b4b7a6a14f334cca4bcebe4"},
    {file = "regex-2026.1.15-cp310-cp310-musllinux_1_2_aarch64.whl", hash = "sha256:3d6ce5ae80066b319ae3bc62fd55a557c9491baa5efd0d355f0de08c4ba54e79"},
    {file = "regex-2026.1.15-cp310-cp310-musllinux_1_2_ppc64le.whl", hash = "sha256:1704d204bd42b6bb80167df0e4554f35c255b579ba99616def38f69e14a5ccb9"},
    {file = "regex-2026.1.15-cp310-cp310-musllinux_1_2_riscv64.whl", hash = "sha256:e3174a5ed4171570dc8318afada56373aa9289eb6dc0d96cceb48e7358b0e220"},
    {file = "regex-2026.1.15-cp310-cp310-musllinux_1_2_s390x.whl", hash = "sha256:87adf5bd6d72e3e17c9cb59ac4096b1faaf84b7eb3037a5ffa61c4b4370f0f13"},
    {file = "regex-2026.1.15-cp310-cp310-musllinux_1_2_x86_64.whl", hash = "sha256:e85dc94595f4d766bd7d872a9de5ede1ca8d3063f3bdf1e2c725f5eb411159e3"},
    {file = "regex-2026.1.15-cp310-cp310-win32.whl", hash = "sha256:21ca32c28c30d5d65fc9886ff576fc9b59bbca08933e844fa2363e530f4c8218"},
    {file = "regex-2026.1.15-cp310-cp310-win_amd64.whl", hash = "sha256:3038a62fc7d6e5547b8915a3d927a0fbeef84cdbe0b1deb8c99bbd4a8961b52a"},
    {file = "regex-2026.1.15-cp310-cp310-win_arm64.whl", hash = "sha256:505831646c945e3e63552cc1b1b9b514f0e93232972a2d5bedbcc32f15bc82e3"},
    {file = "regex-2026.1.15-cp311-cp311-macosx_10_9_universal2.whl", hash = "sha256:1ae6020fb311f68d753b7efa9d4b9a5d47a5d6466ea0d5e3b5a471a960ea6e4a"},
    {file = "regex-2026.1.15-cp311-cp311-macosx_10_9_x86_64.whl", hash = "sha256:eddf73f41225942c1f994914742afa53dc0d01a6e20fe14b878a1b1edc74151f"},
    {file = "regex-2026.1.15-cp311-cp311-macosx_11_0_arm64.whl", hash = "sha256:1e8cd52557603f5c66a548f69421310886b28b7066853089e1a71ee710e1cdc1"},
    {file = "regex-2026.1.15-cp311-cp311-manylinux2014_aarch64.manylinux_2_17_aarch64.manylinux_2_28_aarch64.whl", hash = "sha256:5170907244b14303edc5978f522f16c974f32d3aa92109fabc2af52411c9433b"},
    {file = "regex-2026.1.15-cp311-cp311-manylinux2014_ppc64le.manylinux_2_17_ppc64le.manylinux_2_28_ppc64le.whl", hash = "sha256:2748c1ec0663580b4510bd89941a31560b4b439a0b428b49472a3d9944d11cd8"},
    {file = "regex-2026.1.15-cp311-cp311-manylinux2014_s390x.manylinux_2_17_s390x.manylinux_2_28_s390x.whl", hash = "sha256:2f2775843ca49360508d080eaa87f94fa248e2c946bbcd963bb3aae14f333413"},
    {file = "regex-2026.1.15-cp311-cp311-manylinux2014_x86_64.manylinux_2_17_x86_64.manylinux_2_28_x86_64.whl", hash = "sha256:d9ea2604370efc9a174c1b5dcc81784fb040044232150f7f33756049edfc9026"},
    {file = "regex-2026.1.15-cp311-cp311-manylinux_2_31_riscv64.manylinux_2_39_riscv64.whl", hash = "sha256:0dcd31594264029b57bf16f37fd7248a70b3b764ed9e0839a8f271b2d22c0785"},
    {file = "regex-2026.1.15-cp311-cp311-musllinux_1_2_aarch64.whl", hash = "sha256:c08c1f3e34338256732bd6938747daa3c0d5b251e04b6e43b5813e94d503076e"},
    {file = "regex-2026.1.15-cp311-cp311-musllinux_1_2_ppc64le.whl", hash = "sha256:e43a55f378df1e7a4fa3547c88d9a5a9b7113f653a66821bcea4718fe6c58763"},
    {file = "regex-2026.1.15-cp311-cp311-musllinux_1_2_riscv64.whl", hash = "sha256:f82110ab962a541737bd0ce87978d4c658f06e7591ba899192e2712a517badbb"},
    {file = "regex-2026.1.15-cp311-cp311-musllinux_1_2_s390x.whl", hash = "sha256:27618391db7bdaf87ac6c92b31e8f0dfb83a9de0075855152b720140bda177a2"},
    {file = "regex-2026.1.15-cp311-cp311-musllinux_1_2_x86_64.whl", hash = "sha256:bfb0d6be01fbae8d6655c8ca21b3b72458606c4aec9bbc932db758d47aba6db1"},
    {file = "regex-2026.1.15-cp311-cp311-win32.whl", hash = "sha256:b10e42a6de0e32559a92f2f8dc908478cc0fa02838d7dbe764c44dca3fa13569"},
    {file = "regex-2026.1.15-cp311-cp311-win_amd64.whl", hash = "sha256:e9bf3f0bbdb56633c07d7116ae60a576f846efdd86a8848f8d62b749e1209ca7"},
    {file = "regex-2026.1.15-cp311-cp311-win_arm64.whl", hash = "sha256:41aef6f953283291c4e4e6850607bd71502be67779586a61472beacb315c97ec"},
    {file = "regex-2026.1.15-cp312-cp312-macosx_10_13_universal2.whl", hash = "sha256:4c8fcc5793dde01641a35905d6731ee1548f02b956815f8f1cab89e515a5bdf1"},
    {file = "regex-2026.1.15-cp312-cp312-macosx_10_13_x86_64.whl", hash = "sha256:bfd876041a956e6a90ad7cdb3f6a630c07d491280bfeed4544053cd434901681"},
    {file = "regex-2026.1.15-cp312-cp312-macosx_11_0_arm64.whl", hash = "sha256:9250d087bc92b7d4899ccd5539a1b2334e44eee85d848c4c1aef8e221d3f8c8f"},
    {file = "regex-2026.1.15-cp312-cp312-manylinux2014_aarch64.manylinux_2_17_aarch64.manylinux_2_28_aarch64.whl", hash = "sha256:c8a154cf6537ebbc110e24dabe53095e714245c272da9c1be05734bdad4a61aa"},
    {file = "regex-2026.1.15-cp312-cp312-manylinux2014_ppc64le.manylinux_2_17_ppc64le.manylinux_2_28_ppc64le.whl", hash = "sha256:8050ba2e3ea1d8731a549e83c18d2f0999fbc99a5f6bd06b4c91449f55291804"},
    {file = "regex-2026.1.15-cp312-cp312-manylinux2014_s390x.manylinux_2_17_s390x.manylinux_2_28_s390x.whl", hash = "sha256:0bf065240704cb8951cc04972cf107063917022511273e0969bdb34fc173456c"},
    {file = "regex-2026.1.15-cp312-cp312-manylinux2014_x86_64.manylinux_2_17_x86_64.manylinux_2_28_x86_64.whl", hash = "sha256:c32bef3e7aeee75746748643667668ef941d28b003bfc89994ecf09a10f7a1b5"},
    {file = "regex-2026.1.15-cp312-cp312-manylinux_2_31_riscv64.manylinux_2_39_riscv64.whl", hash = "sha256:d5eaa4a4c5b1906bd0d2508d68927f15b81821f85092e06f1a34a4254b0e1af3"},
    {file = "regex-2026.1.15-cp312-cp312-musllinux_1_2_aarch64.whl", hash = "sha256:86c1077a3cc60d453d4084d5b9649065f3bf1184e22992bd322e1f081d3117fb"},
    {file = "regex-2026.1.15-cp312-cp312-musllinux_1_2_ppc64le.whl", hash = "sha256:2b091aefc05c78d286657cd4db95f2e6313375ff65dcf085e42e4c04d9c8d410"},
    {file = "regex-2026.1.15-cp312-cp312-musllinux_1_2_riscv64.whl", hash = "sha256:57e7d17f59f9ebfa9667e6e5a1c0127b96b87cb9cede8335482451ed00788ba4"},
    {file = "regex-2026.1.15-cp312-cp312-musllinux_1_2_s390x.whl", hash = "sha256:c6c4dcdfff2c08509faa15d36ba7e5ef5fcfab25f1e8f85a0c8f45bc3a30725d"},
    {file = "regex-2026.1.15-cp312-cp312-musllinux_1_2_x86_64.whl", hash = "sha256:cf8ff04c642716a7f2048713ddc6278c5fd41faa3b9cab12607c7abecd012c22"},
    {file = "regex-2026.1.15-cp312-cp312-win32.whl", hash = "sha256:82345326b1d8d56afbe41d881fdf62f1926d7264b2fc1537f99ae5da9aad7913"},
    {file = "regex-2026.1.15-cp312-cp312-win_amd64.whl", hash = "sha256:4def140aa6156bc64ee9912383d4038f3fdd18fee03a6f222abd4de6357ce42a"},
    {file = "regex-2026.1.15-cp312-cp312-win_arm64.whl", hash = "sha256:c6c565d9a6e1a8d783c1948937ffc377dd5771e83bd56de8317c450a954d2056"},
    {file = "regex-2026.1.15-cp313-cp313-macosx_10_13_universal2.whl", hash = "sha256:e69d0deeb977ffe7ed3d2e4439360089f9c3f217ada608f0f88ebd67afb6385e"},
    {file = "regex-2026.1.15-cp313-cp313-macosx_10_13_x86_64.whl", hash = "sha256:3601ffb5375de85a16f407854d11cca8fe3f5febbe3ac78fb2866bb220c74d10"},
    {file = "regex-2026.1.15-cp313-cp313-macosx_11_0_arm64.whl", hash = "sha256:4c5ef43b5c2d4114eb8ea424bb8c9cec01d5d17f242af88b2448f5ee81caadbc"},
    {file = "regex-2026.1.15-cp313-cp313-manylinux2014_aarch64.manylinux_2_17_aarch64.manylinux_2_28_aarch64.whl", hash = "sha256:968c14d4f03e10b2fd960f1d5168c1f0ac969381d3c1fcc973bc45fb06346599"},
    {file = "regex-2026.1.15-cp313-cp313-manylinux2014_ppc64le.manylinux_2_17_ppc64le.manylinux_2_28_ppc64le.whl", hash = "sha256:56a5595d0f892f214609c9f76b41b7428bed439d98dc961efafdd1354d42baae"},
    {file = "regex-2026.1.15-cp313-cp313-manylinux2014_s390x.manylinux_2_17_s390x.manylinux_2_28_s390x.whl", hash = "sha256:0bf650f26087363434c4e560011f8e4e738f6f3e029b85d4904c50135b86cfa5"},
    {file = "regex-2026.1.15-cp313-cp313-manylinux2014_x86_64.manylinux_2_17_x86_64.manylinux_2_28_x86_64.whl", hash = "sha256:18388a62989c72ac24de75f1449d0fb0b04dfccd0a1a7c1c43af5eb503d890f6"},
    {file = "regex-2026.1.15-cp313-cp313-manylinux_2_31_riscv64.manylinux_2_39_riscv64.whl", hash = "sha256:6d220a2517f5893f55daac983bfa9fe998a7dbcaee4f5d27a88500f8b7873788"},
    {file = "regex-2026.1.15-cp313-cp313-musllinux_1_2_aarch64.whl", hash = "sha256:c9c08c2fbc6120e70abff5d7f28ffb4d969e14294fb2143b4b5c7d20e46d1714"},
    {file = "regex-2026.1.15-cp313-cp313-musllinux_1_2_ppc64le.whl", hash = "sha256:7ef7d5d4bd49ec7364315167a4134a015f61e8266c6d446fc116a9ac4456e10d"},
    {file = "regex-2026.1.15-cp313-cp313-musllinux_1_2_riscv64.whl", hash = "sha256:6e42844ad64194fa08d5ccb75fe6a459b9b08e6d7296bd704460168d58a388f3"},
    {file = "regex-2026.1.15-cp313-cp313-musllinux_1_2_s390x.whl", hash = "sha256:cfecdaa4b19f9ca534746eb3b55a5195d5c95b88cac32a205e981ec0a22b7d31"},
    {file = "regex-2026.1.15-cp313-cp313-musllinux_1_2_x86_64.whl", hash = "sha256:08df9722d9b87834a3d701f3fca570b2be115654dbfd30179f30ab2f39d606d3"},
    {file = "regex-2026.1.15-cp313-cp313-win32.whl", hash = "sha256:d426616dae0967ca225ab12c22274eb816558f2f99ccb4a1d52ca92e8baf180f"},
    {file = "regex-2026.1.15-cp313-cp313-win_amd64.whl", hash = "sha256:febd38857b09867d3ed3f4f1af7d241c5c50362e25ef43034995b77a50df494e"},
    {file = "regex-2026.1.15-cp313-cp313-win_arm64.whl", hash = "sha256:8e32f7896f83774f91499d239e24cebfadbc07639c1494bb7213983842348337"},
    {file = "regex-2026.1.15-cp313-cp313t-macosx_10_13_universal2.whl", hash = "sha256:ec94c04149b6a7b8120f9f44565722c7ae31b7a6d2275569d2eefa76b83da3be"},
    {file = "regex-2026.1.15-cp313-cp313t-macosx_10_13_x86_64.whl", hash = "sha256:40c86d8046915bb9aeb15d3f3f15b6fd500b8ea4485b30e1bbc799dab3fe29f8"},
    {file = "regex-2026.1.15-cp313-cp313t-macosx_11_0_arm64.whl", hash = "sha256:726ea4e727aba21643205edad8f2187ec682d3305d790f73b7a51c7587b64bdd"},
    {file = "regex-2026.1.15-cp313-cp313t-manylinux2014_aarch64.manylinux_2_17_aarch64.manylinux_2_28_aarch64.whl", hash = "sha256:1cb740d044aff31898804e7bf1181cc72c03d11dfd19932b9911ffc19a79070a"},
    {file = "regex-2026.1.15-cp313-cp313t-manylinux2014_ppc64le.manylinux_2_17_ppc64le.manylinux_2_28_ppc64le.whl", hash = "sha256:05d75a668e9ea16f832390d22131fe1e8acc8389a694c8febc3e340b0f810b93"},
    {file = "regex-2026.1.15-cp313-cp313t-manylinux2014_s390x.manylinux_2_17_s390x.manylinux_2_28_s390x.whl", hash = "sha256:d991483606f3dbec93287b9f35596f41aa2e92b7c2ebbb935b63f409e243c9af"},
    {file = "regex-2026.1.15-cp313-cp313t-manylinux2014_x86_64.manylinux_2_17_x86_64.manylinux_2_28_x86_64.whl", hash = "sha256:194312a14819d3e44628a44ed6fea6898fdbecb0550089d84c403475138d0a09"},
    {file = "regex-2026.1.15-cp313-cp313t-manylinux_2_31_riscv64.manylinux_2_39_riscv64.whl", hash = "sha256:fe2fda4110a3d0bc163c2e0664be44657431440722c5c5315c65155cab92f9e5"},
    {file = "regex-2026.1.15-cp313-cp313t-musllinux_1_2_aarch64.whl", hash = "sha256:124dc36c85d34ef2d9164da41a53c1c8c122cfb1f6e1ec377a1f27ee81deb794"},
    {file = "regex-2026.1.15-cp313-cp313t-musllinux_1_2_ppc64le.whl", hash = "sha256:a1774cd1981cd212506a23a14dba7fdeaee259f5deba2df6229966d9911e767a"},
    {file = "regex-2026.1.15-cp313-cp313t-musllinux_1_2_riscv64.whl", hash = "sha256:b5f7d8d2867152cdb625e72a530d2ccb48a3d199159144cbdd63870882fb6f80"},
    {file = "regex-2026.1.15-cp313-cp313t-musllinux_1_2_s390x.whl", hash = "sha256:492534a0ab925d1db998defc3c302dae3616a2fc3fe2e08db1472348f096ddf2"},
    {file = "regex-2026.1.15-cp313-cp313t-musllinux_1_2_x86_64.whl", hash = "sha256:c661fc820cfb33e166bf2450d3dadbda47c8d8981898adb9b6fe24e5e582ba60"},
    {file = "regex-2026.1.15-cp313-cp313t-win32.whl", hash = "sha256:99ad739c3686085e614bf77a508e26954ff1b8f14da0e3765ff7abbf7799f952"},
    {file = "regex-2026.1.15-cp313-cp313t-win_amd64.whl", hash = "sha256:32655d17905e7ff8ba5c764c43cb124e34a9245e45b83c22e81041e1071aee10"},
    {file = "regex-2026.1.15-cp313-cp313t-win_arm64.whl", hash = "sha256:b2a13dd6a95e95a489ca242319d18fc02e07ceb28fa9ad146385194d95b3c829"},
    {file = "regex-2026.1.15-cp314-cp314-macosx_10_13_universal2.whl", hash = "sha256:d920392a6b1f353f4aa54328c867fec3320fa50657e25f64abf17af054fc97ac"},
    {file = "regex-2026.1.15-cp314-cp314-macosx_10_13_x86_64.whl", hash = "sha256:b5a28980a926fa810dbbed059547b02783952e2efd9c636412345232ddb87ff6"},
    {file = "regex-2026.1.15-cp314-cp314-macosx_11_0_arm64.whl", hash = "sha256:621f73a07595d83f28952d7bd1e91e9d1ed7625fb7af0064d3516674ec93a2a2"},
    {file = "regex-2026.1.15-cp314-cp314-manylinux2014_aarch64.manylinux_2_17_aarch64.manylinux_2_28_aarch64.whl", hash = "sha256:3d7d92495f47567a9b1669c51fc8d6d809821849063d168121ef801bbc213846"},
    {file = "regex-2026.1.15-cp314-cp314-manylinux2014_ppc64le.manylinux_2_17_ppc64le.manylinux_2_28_ppc64le.whl", hash = "sha256:8dd16fba2758db7a3780a051f245539c4451ca20910f5a5e6ea1c08d06d4a76b"},
    {file = "regex-2026.1.15-cp314-cp314-manylinux2014_s390x.manylinux_2_17_s390x.manylinux_2_28_s390x.whl", hash = "sha256:1e1808471fbe44c1a63e5f577a1d5f02fe5d66031dcbdf12f093ffc1305a858e"},
    {file = "regex-2026.1.15-cp314-cp314-manylinux2014_x86_64.manylinux_2_17_x86_64.manylinux_2_28_x86_64.whl", hash = "sha256:0751a26ad39d4f2ade8fe16c59b2bf5cb19eb3d2cd543e709e583d559bd9efde"},
    {file = "regex-2026.1.15-cp314-cp314-manylinux_2_31_riscv64.manylinux_2_39_riscv64.whl", hash = "sha256:0f0c7684c7f9ca241344ff95a1de964f257a5251968484270e91c25a755532c5"},
    {file = "regex-2026.1.15-cp314-cp314-musllinux_1_2_aarch64.whl", hash = "sha256:74f45d170a21df41508cb67165456538425185baaf686281fa210d7e729abc34"},
    {file = "regex-2026.1.15-cp314-cp314-musllinux_1_2_ppc64le.whl", hash = "sha256:f1862739a1ffb50615c0fde6bae6569b5efbe08d98e59ce009f68a336f64da75"},
    {file = "regex-2026.1.15-cp314-cp314-musllinux_1_2_riscv64.whl", hash = "sha256:453078802f1b9e2b7303fb79222c054cb18e76f7bdc220f7530fdc85d319f99e"},
    {file = "regex-2026.1.15-cp314-cp314-musllinux_1_2_s390x.whl", hash = "sha256:a30a68e89e5a218b8b23a52292924c1f4b245cb0c68d1cce9aec9bbda6e2c160"},
    {file = "regex-2026.1.15-cp314-cp314-musllinux_1_2_x86_64.whl", hash = "sha256:9479cae874c81bf610d72b85bb681a94c95722c127b55445285fb0e2c82db8e1"},
    {file = "regex-2026.1.15-cp314-cp314-win32.whl", hash = "sha256:d639a750223132afbfb8f429c60d9d318aeba03281a5f1ab49f877456448dcf1"},
    {file = "regex-2026.1.15-cp314-cp314-win_amd64.whl", hash = "sha256:4161d87f85fa831e31469bfd82c186923070fc970b9de75339b68f0c75b51903"},
    {file = "regex-2026.1.15-cp314-cp314-win_arm64.whl", hash = "sha256:91c5036ebb62663a6b3999bdd2e559fd8456d17e2b485bf509784cd31a8b1705"},
    {file = "regex-2026.1.15-cp314-cp314t-macosx_10_13_universal2.whl", hash = "sha256:ee6854c9000a10938c79238de2379bea30c82e4925a371711af45387df35cab8"},
    {file = "regex-2026.1.15-cp314-cp314t-macosx_10_13_x86_64.whl", hash = "sha256:2c2b80399a422348ce5de4fe40c418d6299a0fa2803dd61dc0b1a2f28e280fcf"},
    {file = "regex-2026.1.15-cp314-cp314t-macosx_11_0_arm64.whl", hash = "sha256:dca3582bca82596609959ac39e12b7dad98385b4fefccb1151b937383cec547d"},
    {file = "regex-2026.1.15-cp314-cp314t-manylinux2014_aarch64.manylinux_2_17_aarch64.manylinux_2_28_aarch64.whl", hash = "sha256:ef71d476caa6692eea743ae5ea23cde3260677f70122c4d258ca952e5c2d4e84"},
    {file = "regex-2026.1.15-cp314-cp314t-manylinux2014_ppc64le.manylinux_2_17_ppc64le.manylinux_2_28_ppc64le.whl", hash = "sha256:c243da3436354f4af6c3058a3f81a97d47ea52c9bd874b52fd30274853a1d5df"},
    {file = "regex-2026.1.15-cp314-cp314t-manylinux2014_s390x.manylinux_2_17_s390x.manylinux_2_28_s390x.whl", hash = "sha256:8355ad842a7c7e9e5e55653eade3b7d1885ba86f124dd8ab1f722f9be6627434"},
    {file = "regex-2026.1.15-cp314-cp314t-manylinux2014_x86_64.manylinux_2_17_x86_64.manylinux_2_28_x86_64.whl", hash = "sha256:f192a831d9575271a22d804ff1a5355355723f94f31d9eef25f0d45a152fdc1a"},
    {file = "regex-2026.1.15-cp314-cp314t-manylinux_2_31_riscv64.manylinux_2_39_riscv64.whl", hash = "sha256:166551807ec20d47ceaeec380081f843e88c8949780cd42c40f18d16168bed10"},
    {file = "regex-2026.1.15-cp314-cp314t-musllinux_1_2_aarch64.whl", hash = "sha256:f9ca1cbdc0fbfe5e6e6f8221ef2309988db5bcede52443aeaee9a4ad555e0dac"},
    {file = "regex-2026.1.15-cp314-cp314t-musllinux_1_2_ppc64le.whl", hash = "sha256:b30bcbd1e1221783c721483953d9e4f3ab9c5d165aa709693d3f3946747b1aea"},
    {file = "regex-2026.1.15-cp314-cp314t-musllinux_1_2_riscv64.whl", hash = "sha256:2a8d7b50c34578d0d3bf7ad58cde9652b7d683691876f83aedc002862a35dc5e"},
    {file = "regex-2026.1.15-cp314-cp314t-musllinux_1_2_s390x.whl", hash = "sha256:9d787e3310c6a6425eb346be4ff2ccf6eece63017916fd77fe8328c57be83521"},
    {file = "regex-2026.1.15-cp314-cp314t-musllinux_1_2_x86_64.whl", hash = "sha256:619843841e220adca114118533a574a9cd183ed8a28b85627d2844c500a2b0db"},
    {file = "regex-2026.1.15-cp314-cp314t-win32.whl", hash = "sha256:e90b8db97f6f2c97eb045b51a6b2c5ed69cedd8392459e0642d4199b94fabd7e"},
    {file = "regex-2026.1.15-cp314-cp314t-win_amd64.whl", hash = "sha256:5ef19071f4ac9f0834793af85bd04a920b4407715624e40cb7a0631a11137cdf"},
    {file = "regex-2026.1.15-cp314-cp314t-win_arm64.whl", hash = "sha256:ca89c5e596fc05b015f27561b3793dc2fa0917ea0d7507eebb448efd35274a70"},
    {file = "regex-2026.1.15-cp39-cp39-macosx_10_9_universal2.whl", hash = "sha256:55b4ea996a8e4458dd7b584a2f89863b1655dd3d17b88b46cbb9becc495a0ec5"},
    {file = "regex-2026.1.15-cp39-cp39-macosx_10_9_x86_64.whl", hash = "sha256:7e1e28be779884189cdd57735e997f282b64fd7ccf6e2eef3e16e57d7a34a815"},
    {file = "regex-2026.1.15-cp39-cp39-macosx_11_0_arm64.whl", hash = "sha256:0057de9eaef45783ff69fa94ae9f0fd906d629d0bd4c3217048f46d1daa32e9b"},
    {file = "regex-2026.1.15-cp39-cp39-manylinux2014_aarch64.manylinux_2_17_aarch64.manylinux_2_28_aarch64.whl", hash = "sha256:cc7cd0b2be0f0269283a45c0d8b2c35e149d1319dcb4a43c9c3689fa935c1ee6"},
    {file = "regex-2026.1.15-cp39-cp39-manylinux2014_ppc64le.manylinux_2_17_ppc64le.manylinux_2_28_ppc64le.whl", hash = "sha256:8db052bbd981e1666f09e957f3790ed74080c2229007c1dd67afdbf0b469c48b"},
    {file = "regex-2026.1.15-cp39-cp39-manylinux2014_s390x.manylinux_2_17_s390x.manylinux_2_28_s390x.whl", hash = "sha256:343db82cb3712c31ddf720f097ef17c11dab2f67f7a3e7be976c4f82eba4e6df"},
    {file = "regex-2026.1.15-cp39-cp39-manylinux2014_x86_64.manylinux_2_17_x86_64.manylinux_2_28_x86_64.whl", hash = "sha256:55e9d0118d97794367309635df398bdfd7c33b93e2fdfa0b239661cd74b4c14e"},
    {file = "regex-2026.1.15-cp39-cp39-manylinux2014_x86_64.manylinux_2_17_x86_64.whl", hash = "sha256:008b185f235acd1e53787333e5690082e4f156c44c87d894f880056089e9bc7c"},
    {file = "regex-2026.1.15-cp39-cp39-manylinux_2_31_riscv64.manylinux_2_39_riscv64.whl", hash = "sha256:fd65af65e2aaf9474e468f9e571bd7b189e1df3a61caa59dcbabd0000e4ea839"},
    {file = "regex-2026.1.15-cp39-cp39-musllinux_1_2_aarch64.whl", hash = "sha256:f42e68301ff4afee63e365a5fc302b81bb8ba31af625a671d7acb19d10168a8c"},
    {file = "regex-2026.1.15-cp39-cp39-musllinux_1_2_ppc64le.whl", hash = "sha256:f7792f27d3ee6e0244ea4697d92b825f9a329ab5230a78c1a68bd274e64b5077"},
    {file = "regex-2026.1.15-cp39-cp39-musllinux_1_2_riscv64.whl", hash = "sha256:dbaf3c3c37ef190439981648ccbf0c02ed99ae066087dd117fcb616d80b010a4"},
    {file = "regex-2026.1.15-cp39-cp39-musllinux_1_2_s390x.whl", hash = "sha256:adc97a9077c2696501443d8ad3fa1b4fc6d131fc8fd7dfefd1a723f89071cf0a"},
    {file = "regex-2026.1.15-cp39-cp39-musllinux_1_2_x86_64.whl", hash = "sha256:069f56a7bf71d286a6ff932a9e6fb878f151c998ebb2519a9f6d1cee4bffdba3"},
    {file = "regex-2026.1.15-cp39-cp39-win32.whl", hash = "sha256:ea4e6b3566127fda5e007e90a8fd5a4169f0cf0619506ed426db647f19c8454a"},
    {file = "regex-2026.1.15-cp39-cp39-win_amd64.whl", hash = "sha256:cda1ed70d2b264952e88adaa52eea653a33a1b98ac907ae2f86508eb44f65cdc"},
    {file = "regex-2026.1.15-cp39-cp39-win_arm64.whl", hash = "sha256:b325d4714c3c48277bfea1accd94e193ad6ed42b4bad79ad64f3b8f8a31260a5"},
    {file = "regex-2026.1.15.tar.gz", hash = "sha256:164759aa25575cbc0651bef59a0b18353e54300d79ace8084c818ad8ac72b7d5"},
]

[[package]]
name = "requests"
version = "2.32.3"
requires_python = ">=3.8"
summary = "Python HTTP for Humans."
groups = ["default"]
dependencies = [
    "certifi>=2017.4.17",
    "charset-normalizer<4,>=2",
    "idna<4,>=2.5",
    "urllib3<3,>=1.21.1",
]
files = [
    {file = "requests-2.32.3-py3-none-any.whl", hash = "sha256:70761cfe03c773ceb22aa2f671b4757976145175cdfca038c02654d061d6dcc6"},
    {file = "requests-2.32.3.tar.gz", hash = "sha256:55365417734eb18255590a9ff9eb97e9e1da868d4ccd6402399eaf68af20a760"},
]

[[package]]
name = "tiktoken"
version = "0.12.0"
requires_python = ">=3.9"
summary = "tiktoken is a fast BPE tokeniser for use with OpenAI's models"
groups = ["default"]
dependencies = [
    "regex>=2022.1.18",
    "requests>=2.26.0",
]
files = [
    {file = "tiktoken-0.12.0-cp310-cp310-macosx_10_12_x86_64.whl", hash = "sha256:3de02f5a491cfd179aec916eddb70331814bd6bf764075d39e21d5862e533970"},
    {file = "tiktoken-0.12.0-cp310-cp310-macosx_11_0_arm64.whl", hash = "sha256:b6cfb6d9b7b54d20af21a912bfe63a2727d9cfa8fbda642fd8322c70340aad16"},
    {file = "tiktoken-0.12.0-cp310-cp310-manylinux_2_28_aarch64.whl", hash = "sha256:cde24cdb1b8a08368f709124f15b36ab5524aac5fa830cc3fdce9c03d4fb8030"},
    {file = "tiktoken-0.12.0-cp310-cp310-manylinux_2_28_x86_64.whl", hash = "sha256:6de0da39f605992649b9cfa6f84071e3f9ef2cec458d08c5feb1b6f0ff62e134"},
    {file = "tiktoken-0.12.0-cp310-cp310-musllinux_1_2_aarch64.whl", hash = "sha256:6faa0534e0eefbcafaccb75927a4a380463a2eaa7e26000f0173b920e98b720a"},
    {file = "tiktoken-0.12.0-cp310-cp310-musllinux_1_2_x86_64.whl", hash = "sha256:82991e04fc860afb933efb63957affc7ad54f83e2216fe7d319007dab1ba5892"},
    {file = "tiktoken-0.12.0-cp310-cp310-win_amd64.whl", hash = "sha256:6fb2995b487c2e31acf0a9e17647e3b242235a20832642bb7a9d1a181c0c1bb1"},
    {file = "tiktoken-0.12.0-cp311-cp311-macosx_10_12_x86_64.whl", hash = "sha256:6e227c7f96925003487c33b1b32265fad2fbcec2b7cf4817afb76d416f40f6bb"},
    {file = "tiktoken-0.12.0-cp311-cp311-macosx_11_0_arm64.whl", hash = "sha256:c06cf0fcc24c2cb2adb5e185c7082a82cba29c17575e828518c2f11a01f445aa"},
    {file = "tiktoken-0.12.0-cp311-cp311-manylinux_2_28_aarch64.whl", hash = "sha256:f18f249b041851954217e9fd8e5c00b024ab2315ffda5ed77665a05fa91f42dc"},
    {file = "tiktoken-0.12.0-cp311-cp311-manylinux_2_28_x86_64.whl", hash = "sha256:47a5bc270b8c3db00bb46ece01ef34ad050e364b51d406b6f9730b64ac28eded"},
    {file = "tiktoken-0.12.0-cp311-cp311-musllinux_1_2_aarch64.whl", hash = "sha256:508fa71810c0efdcd1b898fda574889ee62852989f7c1667414736bcb2b9a4bd"},
    {file = "tiktoken-0.12.0-cp311-cp311-musllinux_1_2_x86_64.whl", hash = "sha256:a1af81a6c44f008cba48494089dd98cccb8b313f55e961a52f5b222d1e507967"},
    {file = "tiktoken-0.12.0-cp311-cp311-win_amd64.whl", hash = "sha256:3e68e3e593637b53e56f7237be560f7a394451cb8c11079755e80ae64b9e6def"},
    {file = "tiktoken-0.12.0-cp312-cp312-macosx_10_13_x86_64.whl", hash = "sha256:b97f74aca0d78a1ff21b8cd9e9925714c15a9236d6ceacf5c7327c117e6e21e8"},
    {file = "tiktoken-0.12.0-cp312-cp312-macosx_11_0_arm64.whl", hash = "sha256:2b90f5ad190a4bb7c3eb30c5fa32e1e182ca1ca79f05e49b448438c3e225a49b"},
    {file = "tiktoken-0.12.0-cp312-cp312-manylinux_2_28_aarch64.whl", hash = "sha256:65b26c7a780e2139e73acc193e5c63ac754021f160df919add909c1492c0fb37"},
    {file = "tiktoken-0.12.0-cp312-cp312-manylinux_2_28_x86_64.whl", hash = "sha256:edde1ec917dfd21c1f2f8046b86348b0f54a2c0547f68149d8600859598769ad"},
    {file = "tiktoken-0.12.0-cp312-cp312-musllinux_1_2_aarch64.whl", hash = "sha256:35a2f8ddd3824608b3d650a000c1ef71f730d0c56486845705a8248da00f9fe5"},
    {file = "tiktoken-0.12.0-cp312-cp312-musllinux_1_2_x86_64.whl", hash = "sha256:83d16643edb7fa2c99eff2ab7733508aae1eebb03d5dfc46f5565862810f24e3"},
    {file = "tiktoken-0.12.0-cp312-cp312-win_amd64.whl", hash = "sha256:ffc5288f34a8bc02e1ea7047b8d041104791d2ddbf42d1e5fa07822cbffe16bd"},
    {file = "tiktoken-0.12.0-cp313-cp313-macosx_10_13_x86_64.whl", hash = "sha256:775c2c55de2310cc1bc9a3ad8826761cbdc87770e586fd7b6da7d4589e13dab3"},
    {file = "tiktoken-0.12.0-cp313-cp313-macosx_11_0_arm64.whl", hash = "sha256:a01b12f69052fbe4b080a2cfb867c4de12c704b56178edf1d1d7b273561db160"},
    {file = "tiktoken-0.12.0-cp313-cp313-manylinux_2_28_aarch64.whl", hash = "sha256:01d99484dc93b129cd0964f9d34eee953f2737301f18b3c7257bf368d7615baa"},
    {file = "tiktoken-0.12.0-cp313-cp313-manylinux_2_28_x86_64.whl", hash = "sha256:4a1a4fcd021f022bfc81904a911d3df0f6543b9e7627b51411da75ff2fe7a1be"},
    {file = "tiktoken-0.12.0-cp313-cp313-musllinux_1_2_aarch64.whl", hash = "sha256:981a81e39812d57031efdc9ec59fa32b2a5a5524d20d4776574c4b4bd2e9014a"},
    {file = "tiktoken-0.12.0-cp313-cp313-musllinux_1_2_x86_64.whl", hash = "sha256:9baf52f84a3f42eef3ff4e754a0db79a13a27921b457ca9832cf944c6be4f8f3"},
    {file = "tiktoken-0.12.0-cp313-cp313-win_amd64.whl", hash = "sha256:b8a0cd0c789a61f31bf44851defbd609e8dd1e2c8589c614cc1060940ef1f697"},
    {file = "tiktoken-0.12.0-cp313-cp313t-macosx_10_13_x86_64.whl", hash = "sha256:d5f89ea5680066b68bcb797ae85219c72916c922ef0fcdd3480c7d2315ffff16"},
    {file = "tiktoken-0.12.0-cp313-cp313t-macosx_11_0_arm64.whl", hash = "sha256:b4e7ed1c6a7a8a60a3230965bdedba8cc58f68926b835e519341413370e0399a"},
    {file = "tiktoken-0.12.0-cp313-cp313t-manylinux_2_28_aarch64.whl", hash = "sha256:fc530a28591a2d74bce821d10b418b26a094bf33839e69042a6e86ddb7a7fb27"},
    {file = "tiktoken-0.12.0-cp313-cp313t-manylinux_2_28_x86_64.whl", hash = "sha256:06a9f4f49884139013b138920a4c393aa6556b2f8f536345f11819389c703ebb"},
    {file = "tiktoken-0.12.0-cp313-cp313t-musllinux_1_2_aarch64.whl", hash = "sha256:04f0e6a985d95913cabc96a741c5ffec525a2c72e9df086ff17ebe35985c800e"},
    {file = "tiktoken-0.12.0-cp313-cp313t-musllinux_1_2_x86_64.whl", hash = "sha256:0ee8f9ae00c41770b5f9b0bb1235474768884ae157de3beb5439ca0fd70f3e25"},
    {file = "tiktoken-0.12.0-cp313-cp313t-win_amd64.whl", hash = "sha256:dc2dd125a62cb2b3d858484d6c614d136b5b848976794edfb63688d539b8b93f"},
    {file = "tiktoken-0.12.0-cp314-cp314-macosx_10_13_x86_64.whl", hash = "sha256:a90388128df3b3abeb2bfd1895b0681412a8d7dc644142519e6f0a97c2111646"},
    {file = "tiktoken-0.12.0-cp314-cp314-macosx_11_0_arm64.whl", hash = "sha256:da900aa0ad52247d8794e307d6446bd3cdea8e192769b56276695d34d2c9aa88"},
    {file = "tiktoken-0.12.0-cp314-cp314-manylinux_2_28_aarch64.whl", hash = "sha256:285ba9d73ea0d6171e7f9407039a290ca77efcdb026be7769dccc01d2c8d7fff"},
    {file = "tiktoken-0.12.0-cp314-cp314-manylinux_2_28_x86_64.whl", hash = "sha256:d186a5c60c6a0213f04a7a802264083dea1bbde92a2d4c7069e1a56630aef830"},
    {file = "tiktoken-0.12.0-cp314-cp314-musllinux_1_2_aarch64.whl", hash = "sha256:604831189bd05480f2b885ecd2d1986dc7686f609de48208ebbbddeea071fc0b"},
    {file = "tiktoken-0.12.0-cp314-cp314-musllinux_1_2_x86_64.whl", hash = "sha256:8f317e8530bb3a222547b85a58583238c8f74fd7a7408305f9f63246d1a0958b"},
    {file = "tiktoken-0.12.0-cp314-cp314-win_amd64.whl", hash = "sha256:399c3dd672a6406719d84442299a490420b458c44d3ae65516302a99675888f3"},
    {file = "tiktoken-0.12.0-cp314-cp314t-macosx_10_13_x86_64.whl", hash = "sha256:c2c714c72bc00a38ca969dae79e8266ddec999c7ceccd603cc4f0d04ccd76365"},
    {file = "tiktoken-0.12.0-cp314-cp314t-macosx_11_0_arm64.whl", hash = "sha256:cbb9a3ba275165a2cb0f9a83f5d7025afe6b9d0ab01a22b50f0e74fee2ad253e"},
    {file = "tiktoken-0.12.0-cp314-cp314t-manylinux_2_28_aarch64.whl", hash = "sha256:dfdfaa5ffff8993a3af94d1125870b1d27aed7cb97aa7eb8c1cefdbc87dbee63"},
    {file = "tiktoken-0.12.0-cp314-cp314t-manylinux_2_28_x86_64.whl", hash = "sha256:584c3ad3d0c74f5269906eb8a659c8bfc6144a52895d9261cdaf90a0ae5f4de0"},
    {file = "tiktoken-0.12.0-cp314-cp314t-musllinux_1_2_aarch64.whl", hash = "sha256:54c891b416a0e36b8e2045b12b33dd66fb34a4fe7965565f1b482da50da3e86a"},
    {file = "tiktoken-0.12.0-cp314-cp314t-musllinux_1_2_x86_64.whl", hash = "sha256:5edb8743b88d5be814b1a8a8854494719080c28faaa1ccbef02e87354fe71ef0"},
    {file = "tiktoken-0.12.0-cp314-cp314t-win_amd64.whl", hash = "sha256:f61c0aea5565ac82e2ec50a05e02a6c44734e91b51c10510b084ea1b8e633a71"},
    {file = "tiktoken-0.12.0-cp39-cp39-macosx_10_12_x86_64.whl", hash = "sha256:d51d75a5bffbf26f86554d28e78bfb921eae998edc2675650fd04c7e1f0cdc1e"},
    {file = "tiktoken-0.12.0-cp39-cp39-macosx_11_0_arm64.whl", hash = "sha256:09eb4eae62ae7e4c62364d9ec3a57c62eea707ac9a2b2c5d6bd05de6724ea179"},
    {file = "tiktoken-0.12.0-cp39-cp39-manylinux_2_28_aarch64.whl", hash = "sha256:df37684ace87d10895acb44b7f447d4700349b12197a526da0d4a4149fde074c"},
    {file = "tiktoken-0.12.0-cp39-cp39-manylinux_2_28_x86_64.whl", hash = "sha256:4c9614597ac94bb294544345ad8cf30dac2129c05e2db8dc53e082f355857af7"},
    {file = "tiktoken-0.12.0-cp39-cp39-musllinux_1_2_aarch64.whl", hash = "sha256:20cf97135c9a50de0b157879c3c4accbb29116bcf001283d26e073ff3b345946"},
    {file = "tiktoken-0.12.0-cp39-cp39-musllinux_1_2_x86_64.whl", hash = "sha256:15d875454bbaa3728be39880ddd11a5a2a9e548c29418b41e8fd8a767172b5ec"},
    {file = "tiktoken-0.12.0-cp39-cp39-win_amd64.whl", hash = "sha256:2cff3688ba3c639ebe816f8d58ffbbb0aa7433e23e08ab1cade5d175fc973fb3"},
    {file = "tiktoken-0.12.0.tar.gz", hash = "sha256:b18ba7ee2b093863978fcb14f74b3707cdc8d4d4d3836853ce7ec60772139931"},
]

[[package]]
name = "urllib3"
version = "2.2.1"
requires_python = ">=3.8"
summary = "HTTP library with thread-safe connection pooling, file post, and more."
groups = ["default"]
files = [
    {file = "urllib3-2.2.1-py3-none-any.whl", hash = "sha256:450b20ec296a467077128bff42b73080516e71b56ff59a60a02bef2232c4fa9d"},
    {file = "urllib3-2.2.1.tar.gz", hash = "sha256:d0570876c61ab9e520d776c38acbbb5b05a776d3f9ff98a5c8fd5162a444cf19"},
]
